// !$*UTF8*$!
{
	archiveVersion = 1;
	classes = {
	};
	objectVersion = 46;
	objects = {

/* Begin PBXBuildFile section */
		CC6A191714866DCD006FFCF5 /* ASIAuthenticationDialog.m in Sources */ = {isa = PBXBuildFile; fileRef = CC6A190114866DCD006FFCF5 /* ASIAuthenticationDialog.m */; };
		CC6A191814866DCD006FFCF5 /* ASIDataCompressor.m in Sources */ = {isa = PBXBuildFile; fileRef = CC6A190414866DCD006FFCF5 /* ASIDataCompressor.m */; };
		CC6A191914866DCD006FFCF5 /* ASIDataDecompressor.m in Sources */ = {isa = PBXBuildFile; fileRef = CC6A190614866DCD006FFCF5 /* ASIDataDecompressor.m */; };
		CC6A191A14866DCD006FFCF5 /* ASIDownloadCache.m in Sources */ = {isa = PBXBuildFile; fileRef = CC6A190814866DCD006FFCF5 /* ASIDownloadCache.m */; };
		CC6A191B14866DCD006FFCF5 /* ASIFormDataRequest.m in Sources */ = {isa = PBXBuildFile; fileRef = CC6A190A14866DCD006FFCF5 /* ASIFormDataRequest.m */; };
		CC6A191C14866DCD006FFCF5 /* ASIHTTPRequest.m in Sources */ = {isa = PBXBuildFile; fileRef = CC6A190C14866DCD006FFCF5 /* ASIHTTPRequest.m */; };
		CC6A191D14866DCD006FFCF5 /* ASIInputStream.m in Sources */ = {isa = PBXBuildFile; fileRef = CC6A191014866DCD006FFCF5 /* ASIInputStream.m */; };
		CC6A191E14866DCD006FFCF5 /* ASINetworkQueue.m in Sources */ = {isa = PBXBuildFile; fileRef = CC6A191214866DCD006FFCF5 /* ASINetworkQueue.m */; };
		CC6A191F14866DCD006FFCF5 /* ASIWebPageRequest.m in Sources */ = {isa = PBXBuildFile; fileRef = CC6A191614866DCD006FFCF5 /* ASIWebPageRequest.m */; };
		CC6A192314866DF0006FFCF5 /* Reachability.m in Sources */ = {isa = PBXBuildFile; fileRef = CC6A192214866DF0006FFCF5 /* Reachability.m */; };
		CCADF28D1485022300B20769 /* UIKit.framework in Frameworks */ = {isa = PBXBuildFile; fileRef = CCADF28C1485022300B20769 /* UIKit.framework */; };
		CCADF28F1485022300B20769 /* Foundation.framework in Frameworks */ = {isa = PBXBuildFile; fileRef = CCADF28E1485022300B20769 /* Foundation.framework */; };
		CCADF2911485022300B20769 /* CoreGraphics.framework in Frameworks */ = {isa = PBXBuildFile; fileRef = CCADF2901485022300B20769 /* CoreGraphics.framework */; };
		CCADF2971485022300B20769 /* InfoPlist.strings in Resources */ = {isa = PBXBuildFile; fileRef = CCADF2951485022300B20769 /* InfoPlist.strings */; };
		CCADF2991485022300B20769 /* main.m in Sources */ = {isa = PBXBuildFile; fileRef = CCADF2981485022300B20769 /* main.m */; };
		CCADF29D1485022300B20769 /* FAppDelegate.m in Sources */ = {isa = PBXBuildFile; fileRef = CCADF29C1485022300B20769 /* FAppDelegate.m */; };
		CCADF2A01485022300B20769 /* FViewController.m in Sources */ = {isa = PBXBuildFile; fileRef = CCADF29F1485022300B20769 /* FViewController.m */; };
		CCADF2A31485022300B20769 /* FViewController_iPhone.xib in Resources */ = {isa = PBXBuildFile; fileRef = CCADF2A11485022300B20769 /* FViewController_iPhone.xib */; };
		CCADF2A61485022300B20769 /* FViewController_iPad.xib in Resources */ = {isa = PBXBuildFile; fileRef = CCADF2A41485022300B20769 /* FViewController_iPad.xib */; };
		CCADF2AF1485026C00B20769 /* Fundament.m in Sources */ = {isa = PBXBuildFile; fileRef = CCADF2AE1485026C00B20769 /* Fundament.m */; };
		CCADF2B614850E3F00B20769 /* CHANGELOG.md in Resources */ = {isa = PBXBuildFile; fileRef = CCADF2B214850E3F00B20769 /* CHANGELOG.md */; };
		CCADF2B714850E3F00B20769 /* JSONKit.m in Sources */ = {isa = PBXBuildFile; fileRef = CCADF2B414850E3F00B20769 /* JSONKit.m */; };
		CCADF2B814850E3F00B20769 /* README.md in Resources */ = {isa = PBXBuildFile; fileRef = CCADF2B514850E3F00B20769 /* README.md */; };
/* End PBXBuildFile section */

/* Begin PBXFileReference section */
		CC6A190014866DCD006FFCF5 /* ASIAuthenticationDialog.h */ = {isa = PBXFileReference; fileEncoding = 4; lastKnownFileType = sourcecode.c.h; name = ASIAuthenticationDialog.h; path = Fundament/Dependencies/ASIHttpRequest/Classes/ASIAuthenticationDialog.h; sourceTree = "<group>"; };
		CC6A190114866DCD006FFCF5 /* ASIAuthenticationDialog.m */ = {isa = PBXFileReference; fileEncoding = 4; lastKnownFileType = sourcecode.c.objc; name = ASIAuthenticationDialog.m; path = Fundament/Dependencies/ASIHttpRequest/Classes/ASIAuthenticationDialog.m; sourceTree = "<group>"; };
		CC6A190214866DCD006FFCF5 /* ASICacheDelegate.h */ = {isa = PBXFileReference; fileEncoding = 4; lastKnownFileType = sourcecode.c.h; name = ASICacheDelegate.h; path = Fundament/Dependencies/ASIHttpRequest/Classes/ASICacheDelegate.h; sourceTree = "<group>"; };
		CC6A190314866DCD006FFCF5 /* ASIDataCompressor.h */ = {isa = PBXFileReference; fileEncoding = 4; lastKnownFileType = sourcecode.c.h; name = ASIDataCompressor.h; path = Fundament/Dependencies/ASIHttpRequest/Classes/ASIDataCompressor.h; sourceTree = "<group>"; };
		CC6A190414866DCD006FFCF5 /* ASIDataCompressor.m */ = {isa = PBXFileReference; fileEncoding = 4; lastKnownFileType = sourcecode.c.objc; name = ASIDataCompressor.m; path = Fundament/Dependencies/ASIHttpRequest/Classes/ASIDataCompressor.m; sourceTree = "<group>"; };
		CC6A190514866DCD006FFCF5 /* ASIDataDecompressor.h */ = {isa = PBXFileReference; fileEncoding = 4; lastKnownFileType = sourcecode.c.h; name = ASIDataDecompressor.h; path = Fundament/Dependencies/ASIHttpRequest/Classes/ASIDataDecompressor.h; sourceTree = "<group>"; };
		CC6A190614866DCD006FFCF5 /* ASIDataDecompressor.m */ = {isa = PBXFileReference; fileEncoding = 4; lastKnownFileType = sourcecode.c.objc; name = ASIDataDecompressor.m; path = Fundament/Dependencies/ASIHttpRequest/Classes/ASIDataDecompressor.m; sourceTree = "<group>"; };
		CC6A190714866DCD006FFCF5 /* ASIDownloadCache.h */ = {isa = PBXFileReference; fileEncoding = 4; lastKnownFileType = sourcecode.c.h; name = ASIDownloadCache.h; path = Fundament/Dependencies/ASIHttpRequest/Classes/ASIDownloadCache.h; sourceTree = "<group>"; };
		CC6A190814866DCD006FFCF5 /* ASIDownloadCache.m */ = {isa = PBXFileReference; fileEncoding = 4; lastKnownFileType = sourcecode.c.objc; name = ASIDownloadCache.m; path = Fundament/Dependencies/ASIHttpRequest/Classes/ASIDownloadCache.m; sourceTree = "<group>"; };
		CC6A190914866DCD006FFCF5 /* ASIFormDataRequest.h */ = {isa = PBXFileReference; fileEncoding = 4; lastKnownFileType = sourcecode.c.h; name = ASIFormDataRequest.h; path = Fundament/Dependencies/ASIHttpRequest/Classes/ASIFormDataRequest.h; sourceTree = "<group>"; };
		CC6A190A14866DCD006FFCF5 /* ASIFormDataRequest.m */ = {isa = PBXFileReference; fileEncoding = 4; lastKnownFileType = sourcecode.c.objc; name = ASIFormDataRequest.m; path = Fundament/Dependencies/ASIHttpRequest/Classes/ASIFormDataRequest.m; sourceTree = "<group>"; };
		CC6A190B14866DCD006FFCF5 /* ASIHTTPRequest.h */ = {isa = PBXFileReference; fileEncoding = 4; lastKnownFileType = sourcecode.c.h; name = ASIHTTPRequest.h; path = Fundament/Dependencies/ASIHttpRequest/Classes/ASIHTTPRequest.h; sourceTree = "<group>"; };
		CC6A190C14866DCD006FFCF5 /* ASIHTTPRequest.m */ = {isa = PBXFileReference; fileEncoding = 4; lastKnownFileType = sourcecode.c.objc; name = ASIHTTPRequest.m; path = Fundament/Dependencies/ASIHttpRequest/Classes/ASIHTTPRequest.m; sourceTree = "<group>"; };
		CC6A190D14866DCD006FFCF5 /* ASIHTTPRequestConfig.h */ = {isa = PBXFileReference; fileEncoding = 4; lastKnownFileType = sourcecode.c.h; name = ASIHTTPRequestConfig.h; path = Fundament/Dependencies/ASIHttpRequest/Classes/ASIHTTPRequestConfig.h; sourceTree = "<group>"; };
		CC6A190E14866DCD006FFCF5 /* ASIHTTPRequestDelegate.h */ = {isa = PBXFileReference; fileEncoding = 4; lastKnownFileType = sourcecode.c.h; name = ASIHTTPRequestDelegate.h; path = Fundament/Dependencies/ASIHttpRequest/Classes/ASIHTTPRequestDelegate.h; sourceTree = "<group>"; };
		CC6A190F14866DCD006FFCF5 /* ASIInputStream.h */ = {isa = PBXFileReference; fileEncoding = 4; lastKnownFileType = sourcecode.c.h; name = ASIInputStream.h; path = Fundament/Dependencies/ASIHttpRequest/Classes/ASIInputStream.h; sourceTree = "<group>"; };
		CC6A191014866DCD006FFCF5 /* ASIInputStream.m */ = {isa = PBXFileReference; fileEncoding = 4; lastKnownFileType = sourcecode.c.objc; name = ASIInputStream.m; path = Fundament/Dependencies/ASIHttpRequest/Classes/ASIInputStream.m; sourceTree = "<group>"; };
		CC6A191114866DCD006FFCF5 /* ASINetworkQueue.h */ = {isa = PBXFileReference; fileEncoding = 4; lastKnownFileType = sourcecode.c.h; name = ASINetworkQueue.h; path = Fundament/Dependencies/ASIHttpRequest/Classes/ASINetworkQueue.h; sourceTree = "<group>"; };
		CC6A191214866DCD006FFCF5 /* ASINetworkQueue.m */ = {isa = PBXFileReference; fileEncoding = 4; lastKnownFileType = sourcecode.c.objc; name = ASINetworkQueue.m; path = Fundament/Dependencies/ASIHttpRequest/Classes/ASINetworkQueue.m; sourceTree = "<group>"; };
		CC6A191314866DCD006FFCF5 /* ASIProgressDelegate.h */ = {isa = PBXFileReference; fileEncoding = 4; lastKnownFileType = sourcecode.c.h; name = ASIProgressDelegate.h; path = Fundament/Dependencies/ASIHttpRequest/Classes/ASIProgressDelegate.h; sourceTree = "<group>"; };
		CC6A191514866DCD006FFCF5 /* ASIWebPageRequest.h */ = {isa = PBXFileReference; fileEncoding = 4; lastKnownFileType = sourcecode.c.h; path = ASIWebPageRequest.h; sourceTree = "<group>"; };
		CC6A191614866DCD006FFCF5 /* ASIWebPageRequest.m */ = {isa = PBXFileReference; fileEncoding = 4; lastKnownFileType = sourcecode.c.objc; path = ASIWebPageRequest.m; sourceTree = "<group>"; };
		CC6A192114866DF0006FFCF5 /* Reachability.h */ = {isa = PBXFileReference; fileEncoding = 4; lastKnownFileType = sourcecode.c.h; name = Reachability.h; path = Fundament/Dependencies/ASIHttpRequest/External/Reachability/Reachability.h; sourceTree = "<group>"; };
		CC6A192214866DF0006FFCF5 /* Reachability.m */ = {isa = PBXFileReference; fileEncoding = 4; lastKnownFileType = sourcecode.c.objc; name = Reachability.m; path = Fundament/Dependencies/ASIHttpRequest/External/Reachability/Reachability.m; sourceTree = "<group>"; };
		CCADF2881485022300B20769 /* Fundament.app */ = {isa = PBXFileReference; explicitFileType = wrapper.application; includeInIndex = 0; path = Fundament.app; sourceTree = BUILT_PRODUCTS_DIR; };
		CCADF28C1485022300B20769 /* UIKit.framework */ = {isa = PBXFileReference; lastKnownFileType = wrapper.framework; name = UIKit.framework; path = System/Library/Frameworks/UIKit.framework; sourceTree = SDKROOT; };
		CCADF28E1485022300B20769 /* Foundation.framework */ = {isa = PBXFileReference; lastKnownFileType = wrapper.framework; name = Foundation.framework; path = System/Library/Frameworks/Foundation.framework; sourceTree = SDKROOT; };
		CCADF2901485022300B20769 /* CoreGraphics.framework */ = {isa = PBXFileReference; lastKnownFileType = wrapper.framework; name = CoreGraphics.framework; path = System/Library/Frameworks/CoreGraphics.framework; sourceTree = SDKROOT; };
		CCADF2941485022300B20769 /* Fundament-Info.plist */ = {isa = PBXFileReference; lastKnownFileType = text.plist.xml; path = "Fundament-Info.plist"; sourceTree = "<group>"; };
		CCADF2961485022300B20769 /* en */ = {isa = PBXFileReference; lastKnownFileType = text.plist.strings; name = en; path = en.lproj/InfoPlist.strings; sourceTree = "<group>"; };
		CCADF2981485022300B20769 /* main.m */ = {isa = PBXFileReference; lastKnownFileType = sourcecode.c.objc; path = main.m; sourceTree = "<group>"; };
		CCADF29A1485022300B20769 /* Fundament-Prefix.pch */ = {isa = PBXFileReference; lastKnownFileType = sourcecode.c.h; path = "Fundament-Prefix.pch"; sourceTree = "<group>"; };
		CCADF29B1485022300B20769 /* FAppDelegate.h */ = {isa = PBXFileReference; lastKnownFileType = sourcecode.c.h; path = FAppDelegate.h; sourceTree = "<group>"; };
		CCADF29C1485022300B20769 /* FAppDelegate.m */ = {isa = PBXFileReference; lastKnownFileType = sourcecode.c.objc; path = FAppDelegate.m; sourceTree = "<group>"; };
		CCADF29E1485022300B20769 /* FViewController.h */ = {isa = PBXFileReference; lastKnownFileType = sourcecode.c.h; path = FViewController.h; sourceTree = "<group>"; };
		CCADF29F1485022300B20769 /* FViewController.m */ = {isa = PBXFileReference; lastKnownFileType = sourcecode.c.objc; path = FViewController.m; sourceTree = "<group>"; };
		CCADF2A21485022300B20769 /* en */ = {isa = PBXFileReference; lastKnownFileType = file.xib; name = en; path = en.lproj/FViewController_iPhone.xib; sourceTree = "<group>"; };
		CCADF2A51485022300B20769 /* en */ = {isa = PBXFileReference; lastKnownFileType = file.xib; name = en; path = en.lproj/FViewController_iPad.xib; sourceTree = "<group>"; };
		CCADF2AD1485026C00B20769 /* Fundament.h */ = {isa = PBXFileReference; fileEncoding = 4; lastKnownFileType = sourcecode.c.h; name = Fundament.h; path = Fundament/Fundament/Fundament.h; sourceTree = "<group>"; };
		CCADF2AE1485026C00B20769 /* Fundament.m */ = {isa = PBXFileReference; fileEncoding = 4; lastKnownFileType = sourcecode.c.objc; name = Fundament.m; path = Fundament/Fundament/Fundament.m; sourceTree = "<group>"; };
		CCADF2B214850E3F00B20769 /* CHANGELOG.md */ = {isa = PBXFileReference; fileEncoding = 4; lastKnownFileType = text; path = CHANGELOG.md; sourceTree = "<group>"; };
		CCADF2B314850E3F00B20769 /* JSONKit.h */ = {isa = PBXFileReference; fileEncoding = 4; lastKnownFileType = sourcecode.c.h; path = JSONKit.h; sourceTree = "<group>"; };
		CCADF2B414850E3F00B20769 /* JSONKit.m */ = {isa = PBXFileReference; fileEncoding = 4; lastKnownFileType = sourcecode.c.objc; path = JSONKit.m; sourceTree = "<group>"; };
		CCADF2B514850E3F00B20769 /* README.md */ = {isa = PBXFileReference; fileEncoding = 4; lastKnownFileType = text; path = README.md; sourceTree = "<group>"; };
/* End PBXFileReference section */

/* Begin PBXFrameworksBuildPhase section */
		CCADF2851485022300B20769 /* Frameworks */ = {
			isa = PBXFrameworksBuildPhase;
			buildActionMask = 2147483647;
			files = (
				CCADF28D1485022300B20769 /* UIKit.framework in Frameworks */,
				CCADF28F1485022300B20769 /* Foundation.framework in Frameworks */,
				CCADF2911485022300B20769 /* CoreGraphics.framework in Frameworks */,
			);
			runOnlyForDeploymentPostprocessing = 0;
		};
/* End PBXFrameworksBuildPhase section */

/* Begin PBXGroup section */
		CC6A18FE1486576F006FFCF5 /* ASIHTTPRequest */ = {
			isa = PBXGroup;
			children = (
				CC6A190014866DCD006FFCF5 /* ASIAuthenticationDialog.h */,
				CC6A190114866DCD006FFCF5 /* ASIAuthenticationDialog.m */,
				CC6A190214866DCD006FFCF5 /* ASICacheDelegate.h */,
				CC6A190314866DCD006FFCF5 /* ASIDataCompressor.h */,
				CC6A190414866DCD006FFCF5 /* ASIDataCompressor.m */,
				CC6A190514866DCD006FFCF5 /* ASIDataDecompressor.h */,
				CC6A190614866DCD006FFCF5 /* ASIDataDecompressor.m */,
				CC6A190714866DCD006FFCF5 /* ASIDownloadCache.h */,
				CC6A190814866DCD006FFCF5 /* ASIDownloadCache.m */,
				CC6A190914866DCD006FFCF5 /* ASIFormDataRequest.h */,
				CC6A190A14866DCD006FFCF5 /* ASIFormDataRequest.m */,
				CC6A190B14866DCD006FFCF5 /* ASIHTTPRequest.h */,
				CC6A190C14866DCD006FFCF5 /* ASIHTTPRequest.m */,
				CC6A190D14866DCD006FFCF5 /* ASIHTTPRequestConfig.h */,
				CC6A190E14866DCD006FFCF5 /* ASIHTTPRequestDelegate.h */,
				CC6A190F14866DCD006FFCF5 /* ASIInputStream.h */,
				CC6A191014866DCD006FFCF5 /* ASIInputStream.m */,
				CC6A191114866DCD006FFCF5 /* ASINetworkQueue.h */,
				CC6A191214866DCD006FFCF5 /* ASINetworkQueue.m */,
				CC6A191314866DCD006FFCF5 /* ASIProgressDelegate.h */,
				CC6A192014866DDF006FFCF5 /* Reachability */,
				CC6A191414866DCD006FFCF5 /* ASIWebPageRequest */,
			);
			name = ASIHTTPRequest;
			sourceTree = "<group>";
		};
		CC6A191414866DCD006FFCF5 /* ASIWebPageRequest */ = {
			isa = PBXGroup;
			children = (
				CC6A191514866DCD006FFCF5 /* ASIWebPageRequest.h */,
				CC6A191614866DCD006FFCF5 /* ASIWebPageRequest.m */,
			);
			name = ASIWebPageRequest;
			path = Fundament/Dependencies/ASIHttpRequest/Classes/ASIWebPageRequest;
			sourceTree = "<group>";
		};
		CC6A192014866DDF006FFCF5 /* Reachability */ = {
			isa = PBXGroup;
			children = (
				CC6A192114866DF0006FFCF5 /* Reachability.h */,
				CC6A192214866DF0006FFCF5 /* Reachability.m */,
			);
			name = Reachability;
			sourceTree = "<group>";
		};
		CCADF27D1485022300B20769 = {
			isa = PBXGroup;
			children = (
				CCADF2B014850CD500B20769 /* Dependencies */,
				CCADF2AC1485023700B20769 /* Fundament */,
				CCADF2921485022300B20769 /* FundamentTest */,
				CCADF28B1485022300B20769 /* Frameworks */,
				CCADF2891485022300B20769 /* Products */,
			);
			sourceTree = "<group>";
		};
		CCADF2891485022300B20769 /* Products */ = {
			isa = PBXGroup;
			children = (
				CCADF2881485022300B20769 /* Fundament.app */,
			);
			name = Products;
			sourceTree = "<group>";
		};
		CCADF28B1485022300B20769 /* Frameworks */ = {
			isa = PBXGroup;
			children = (
				CCADF28C1485022300B20769 /* UIKit.framework */,
				CCADF28E1485022300B20769 /* Foundation.framework */,
				CCADF2901485022300B20769 /* CoreGraphics.framework */,
			);
			name = Frameworks;
			sourceTree = "<group>";
		};
		CCADF2921485022300B20769 /* FundamentTest */ = {
			isa = PBXGroup;
			children = (
				CCADF29B1485022300B20769 /* FAppDelegate.h */,
				CCADF29C1485022300B20769 /* FAppDelegate.m */,
				CCADF29E1485022300B20769 /* FViewController.h */,
				CCADF29F1485022300B20769 /* FViewController.m */,
				CCADF2A11485022300B20769 /* FViewController_iPhone.xib */,
				CCADF2A41485022300B20769 /* FViewController_iPad.xib */,
				CCADF2931485022300B20769 /* Supporting Files */,
			);
			name = FundamentTest;
			path = Fundament;
			sourceTree = "<group>";
		};
		CCADF2931485022300B20769 /* Supporting Files */ = {
			isa = PBXGroup;
			children = (
				CCADF2941485022300B20769 /* Fundament-Info.plist */,
				CCADF2951485022300B20769 /* InfoPlist.strings */,
				CCADF2981485022300B20769 /* main.m */,
				CCADF29A1485022300B20769 /* Fundament-Prefix.pch */,
			);
			name = "Supporting Files";
			sourceTree = "<group>";
		};
		CCADF2AC1485023700B20769 /* Fundament */ = {
			isa = PBXGroup;
			children = (
				CCADF2AD1485026C00B20769 /* Fundament.h */,
				CCADF2AE1485026C00B20769 /* Fundament.m */,
			);
			name = Fundament;
			sourceTree = "<group>";
		};
		CCADF2B014850CD500B20769 /* Dependencies */ = {
			isa = PBXGroup;
			children = (
				CC6A18FE1486576F006FFCF5 /* ASIHTTPRequest */,
				CCADF2B114850E3F00B20769 /* JSONKit */,
			);
			name = Dependencies;
			sourceTree = "<group>";
		};
		CCADF2B114850E3F00B20769 /* JSONKit */ = {
			isa = PBXGroup;
			children = (
				CCADF2B214850E3F00B20769 /* CHANGELOG.md */,
				CCADF2B314850E3F00B20769 /* JSONKit.h */,
				CCADF2B414850E3F00B20769 /* JSONKit.m */,
				CCADF2B514850E3F00B20769 /* README.md */,
			);
			name = JSONKit;
			path = Fundament/Dependencies/JSONKit;
			sourceTree = "<group>";
		};
/* End PBXGroup section */

/* Begin PBXNativeTarget section */
		CCADF2871485022300B20769 /* Fundament */ = {
			isa = PBXNativeTarget;
			buildConfigurationList = CCADF2A91485022300B20769 /* Build configuration list for PBXNativeTarget "Fundament" */;
			buildPhases = (
				CCADF2841485022300B20769 /* Sources */,
				CCADF2851485022300B20769 /* Frameworks */,
				CCADF2861485022300B20769 /* Resources */,
			);
			buildRules = (
			);
			dependencies = (
			);
			name = Fundament;
			productName = Fundament;
			productReference = CCADF2881485022300B20769 /* Fundament.app */;
			productType = "com.apple.product-type.application";
		};
/* End PBXNativeTarget section */

/* Begin PBXProject section */
		CCADF27F1485022300B20769 /* Project object */ = {
			isa = PBXProject;
			attributes = {
				LastUpgradeCheck = 0420;
				ORGANIZATIONNAME = "Creative Intersection";
			};
			buildConfigurationList = CCADF2821485022300B20769 /* Build configuration list for PBXProject "Fundament" */;
			compatibilityVersion = "Xcode 3.2";
			developmentRegion = English;
			hasScannedForEncodings = 0;
			knownRegions = (
				en,
			);
			mainGroup = CCADF27D1485022300B20769;
			productRefGroup = CCADF2891485022300B20769 /* Products */;
			projectDirPath = "";
			projectRoot = "";
			targets = (
				CCADF2871485022300B20769 /* Fundament */,
			);
		};
/* End PBXProject section */

/* Begin PBXResourcesBuildPhase section */
		CCADF2861485022300B20769 /* Resources */ = {
			isa = PBXResourcesBuildPhase;
			buildActionMask = 2147483647;
			files = (
				CCADF2971485022300B20769 /* InfoPlist.strings in Resources */,
				CCADF2A31485022300B20769 /* FViewController_iPhone.xib in Resources */,
				CCADF2A61485022300B20769 /* FViewController_iPad.xib in Resources */,
				CCADF2B614850E3F00B20769 /* CHANGELOG.md in Resources */,
				CCADF2B814850E3F00B20769 /* README.md in Resources */,
			);
			runOnlyForDeploymentPostprocessing = 0;
		};
/* End PBXResourcesBuildPhase section */

/* Begin PBXSourcesBuildPhase section */
		CCADF2841485022300B20769 /* Sources */ = {
			isa = PBXSourcesBuildPhase;
			buildActionMask = 2147483647;
			files = (
				CCADF2991485022300B20769 /* main.m in Sources */,
				CCADF29D1485022300B20769 /* FAppDelegate.m in Sources */,
				CCADF2A01485022300B20769 /* FViewController.m in Sources */,
				CCADF2AF1485026C00B20769 /* Fundament.m in Sources */,
				CCADF2B714850E3F00B20769 /* JSONKit.m in Sources */,
				CC6A191714866DCD006FFCF5 /* ASIAuthenticationDialog.m in Sources */,
				CC6A191814866DCD006FFCF5 /* ASIDataCompressor.m in Sources */,
				CC6A191914866DCD006FFCF5 /* ASIDataDecompressor.m in Sources */,
				CC6A191A14866DCD006FFCF5 /* ASIDownloadCache.m in Sources */,
				CC6A191B14866DCD006FFCF5 /* ASIFormDataRequest.m in Sources */,
				CC6A191C14866DCD006FFCF5 /* ASIHTTPRequest.m in Sources */,
				CC6A191D14866DCD006FFCF5 /* ASIInputStream.m in Sources */,
				CC6A191E14866DCD006FFCF5 /* ASINetworkQueue.m in Sources */,
				CC6A191F14866DCD006FFCF5 /* ASIWebPageRequest.m in Sources */,
				CC6A192314866DF0006FFCF5 /* Reachability.m in Sources */,
			);
			runOnlyForDeploymentPostprocessing = 0;
		};
/* End PBXSourcesBuildPhase section */

/* Begin PBXVariantGroup section */
		CCADF2951485022300B20769 /* InfoPlist.strings */ = {
			isa = PBXVariantGroup;
			children = (
				CCADF2961485022300B20769 /* en */,
			);
			name = InfoPlist.strings;
			sourceTree = "<group>";
		};
		CCADF2A11485022300B20769 /* FViewController_iPhone.xib */ = {
			isa = PBXVariantGroup;
			children = (
				CCADF2A21485022300B20769 /* en */,
			);
			name = FViewController_iPhone.xib;
			sourceTree = "<group>";
		};
		CCADF2A41485022300B20769 /* FViewController_iPad.xib */ = {
			isa = PBXVariantGroup;
			children = (
				CCADF2A51485022300B20769 /* en */,
			);
			name = FViewController_iPad.xib;
			sourceTree = "<group>";
		};
/* End PBXVariantGroup section */

/* Begin XCBuildConfiguration section */
		CCADF2A71485022300B20769 /* Debug */ = {
			isa = XCBuildConfiguration;
			buildSettings = {
				ALWAYS_SEARCH_USER_PATHS = NO;
				ARCHS = "$(ARCHS_STANDARD_32_BIT)";
				"CODE_SIGN_IDENTITY[sdk=iphoneos*]" = "iPhone Developer";
				COPY_PHASE_STRIP = NO;
				GCC_C_LANGUAGE_STANDARD = gnu99;
				GCC_DYNAMIC_NO_PIC = NO;
				GCC_OPTIMIZATION_LEVEL = 0;
				GCC_PREPROCESSOR_DEFINITIONS = (
					"DEBUG=1",
					"$(inherited)",
				);
				GCC_SYMBOLS_PRIVATE_EXTERN = NO;
				GCC_VERSION = com.apple.compilers.llvm.clang.1_0;
				GCC_WARN_ABOUT_MISSING_PROTOTYPES = YES;
				GCC_WARN_ABOUT_RETURN_TYPE = YES;
				GCC_WARN_UNUSED_VARIABLE = YES;
				IPHONEOS_DEPLOYMENT_TARGET = 5.0;
				SDKROOT = iphoneos;
				TARGETED_DEVICE_FAMILY = "1,2";
			};
			name = Debug;
		};
		CCADF2A81485022300B20769 /* Release */ = {
			isa = XCBuildConfiguration;
			buildSettings = {
				ALWAYS_SEARCH_USER_PATHS = NO;
				ARCHS = "$(ARCHS_STANDARD_32_BIT)";
				"CODE_SIGN_IDENTITY[sdk=iphoneos*]" = "iPhone Developer";
				COPY_PHASE_STRIP = YES;
				GCC_C_LANGUAGE_STANDARD = gnu99;
				GCC_VERSION = com.apple.compilers.llvm.clang.1_0;
				GCC_WARN_ABOUT_MISSING_PROTOTYPES = YES;
				GCC_WARN_ABOUT_RETURN_TYPE = YES;
				GCC_WARN_UNUSED_VARIABLE = YES;
				IPHONEOS_DEPLOYMENT_TARGET = 5.0;
				OTHER_CFLAGS = "-DNS_BLOCK_ASSERTIONS=1";
				SDKROOT = iphoneos;
				TARGETED_DEVICE_FAMILY = "1,2";
				VALIDATE_PRODUCT = YES;
			};
			name = Release;
		};
		CCADF2AA1485022300B20769 /* Debug */ = {
			isa = XCBuildConfiguration;
			buildSettings = {
				GCC_PRECOMPILE_PREFIX_HEADER = YES;
				GCC_PREFIX_HEADER = "Fundament/Fundament-Prefix.pch";
				INFOPLIST_FILE = "Fundament/Fundament-Info.plist";
				PRODUCT_NAME = "$(TARGET_NAME)";
				WRAPPER_EXTENSION = app;
			};
			name = Debug;
		};
		CCADF2AB1485022300B20769 /* Release */ = {
			isa = XCBuildConfiguration;
			buildSettings = {
				GCC_PRECOMPILE_PREFIX_HEADER = YES;
				GCC_PREFIX_HEADER = "Fundament/Fundament-Prefix.pch";
				INFOPLIST_FILE = "Fundament/Fundament-Info.plist";
				PRODUCT_NAME = "$(TARGET_NAME)";
				WRAPPER_EXTENSION = app;
			};
			name = Release;
		};
/* End XCBuildConfiguration section */

/* Begin XCConfigurationList section */
		CCADF2821485022300B20769 /* Build configuration list for PBXProject "Fundament" */ = {
			isa = XCConfigurationList;
			buildConfigurations = (
				CCADF2A71485022300B20769 /* Debug */,
				CCADF2A81485022300B20769 /* Release */,
			);
			defaultConfigurationIsVisible = 0;
			defaultConfigurationName = Release;
		};
		CCADF2A91485022300B20769 /* Build configuration list for PBXNativeTarget "Fundament" */ = {
			isa = XCConfigurationList;
			buildConfigurations = (
				CCADF2AA1485022300B20769 /* Debug */,
				CCADF2AB1485022300B20769 /* Release */,
			);
			defaultConfigurationIsVisible = 0;
			defaultConfigurationName = Release;
		};
/* End XCConfigurationList section */
	};
	rootObject = CCADF27F1485022300B20769 /* Project object */;
}
